
Microsoft Visual Studio Solution File, Format Version 12.00
# Visual Studio 15
VisualStudioVersion = 15.0.27924.0
MinimumVisualStudioVersion = 10.0.40219.1
Project("{2150E333-8FDC-42A3-9474-1A3956D46DE8}") = "src", "src", "{7CF0BD67-A938-4956-BA63-B58B2B77B6FC}"
EndProject
Project("{2150E333-8FDC-42A3-9474-1A3956D46DE8}") = "Solution Items", "Solution Items", "{4E4DA0D2-CFDE-4263-A88C-3F9EB158408B}"
	ProjectSection(SolutionItems) = preProject
		Directory.Build.props = Directory.Build.props
		NuGet.config = NuGet.config
	EndProjectSection
EndProject
Project("{2150E333-8FDC-42A3-9474-1A3956D46DE8}") = "test", "test", "{E2D76208-0D27-4F7E-B677-5822FD79C338}"
EndProject
Project("{9A19103F-16F7-4668-BE54-9A1E7A4F7556}") = "Microsoft.Extensions.Logging.Kafka", "src\Microsoft.Extensions.Logging.Kafka\Microsoft.Extensions.Logging.Kafka.csproj", "{47F6AEC1-25C3-4B20-B5F0-4807A012B26D}"
EndProject
Global
	GlobalSection(SolutionConfigurationPlatforms) = preSolution
		Debug|Any CPU = Debug|Any CPU
		Release|Any CPU = Release|Any CPU
	EndGlobalSection
	GlobalSection(ProjectConfigurationPlatforms) = postSolution
		{47F6AEC1-25C3-4B20-B5F0-4807A012B26D}.Debug|Any CPU.ActiveCfg = Debug|Any CPU
		{47F6AEC1-25C3-4B20-B5F0-4807A012B26D}.Debug|Any CPU.Build.0 = Debug|Any CPU
		{47F6AEC1-25C3-4B20-B5F0-4807A012B26D}.Release|Any CPU.ActiveCfg = Release|Any CPU
		{47F6AEC1-25C3-4B20-B5F0-4807A012B26D}.Release|Any CPU.Build.0 = Release|Any CPU
	EndGlobalSection
	GlobalSection(SolutionProperties) = preSolution
		HideSolutionNode = FALSE
	EndGlobalSection
	GlobalSection(NestedProjects) = preSolution
		{47F6AEC1-25C3-4B20-B5F0-4807A012B26D} = {7CF0BD67-A938-4956-BA63-B58B2B77B6FC}
	EndGlobalSection
	GlobalSection(ExtensibilityGlobals) = postSolution
		SolutionGuid = {75C7914C-914E-46C5-8460-C33EE4F45A2E}
	EndGlobalSection
EndGlobal
