
Microsoft Visual Studio Solution File, Format Version 12.00
# Visual Studio 15
VisualStudioVersion = 15.0.27924.0
MinimumVisualStudioVersion = 10.0.40219.1
Project("{FAE04EC0-301F-11D3-BF4B-00C04F79EFBC}") = "Microsoft.Extensions.Logging.Kafka", "Microsoft.Extensions.Logging.Kafka\Microsoft.Extensions.Logging.Kafka.csproj", "{A4F25C32-099C-4B2E-BA1A-0C68BC761313}"
EndProject
Global
	GlobalSection(SolutionConfigurationPlatforms) = preSolution
		Debug|Any CPU = Debug|Any CPU
		Release|Any CPU = Release|Any CPU
	EndGlobalSection
	GlobalSection(ProjectConfigurationPlatforms) = postSolution
		{A4F25C32-099C-4B2E-BA1A-0C68BC761313}.Debug|Any CPU.ActiveCfg = Debug|Any CPU
		{A4F25C32-099C-4B2E-BA1A-0C68BC761313}.Debug|Any CPU.Build.0 = Debug|Any CPU
		{A4F25C32-099C-4B2E-BA1A-0C68BC761313}.Release|Any CPU.ActiveCfg = Release|Any CPU
		{A4F25C32-099C-4B2E-BA1A-0C68BC761313}.Release|Any CPU.Build.0 = Release|Any CPU
	EndGlobalSection
	GlobalSection(SolutionProperties) = preSolution
		HideSolutionNode = FALSE
	EndGlobalSection
	GlobalSection(ExtensibilityGlobals) = postSolution
		SolutionGuid = {75C7914C-914E-46C5-8460-C33EE4F45A2E}
	EndGlobalSection
EndGlobal
